// !$*UTF8*$!
{
	archiveVersion = 1;
	classes = {
	};
	objectVersion = 46;
	objects = {

/* Begin PBXBuildFile section */
		B878EFE31955DA6200C43583 /* FoodInfoView.m in Sources */ = {isa = PBXBuildFile; fileRef = B878EFE21955DA6200C43583 /* FoodInfoView.m */; };
		B8B0F42F1950884500BE6929 /* CommentCell.m in Sources */ = {isa = PBXBuildFile; fileRef = B8B0F42E1950884500BE6929 /* CommentCell.m */; };
		B8B0F4321950886500BE6929 /* like_greyIcon.png in Resources */ = {isa = PBXBuildFile; fileRef = B8B0F4311950886500BE6929 /* like_greyIcon.png */; };
		B8B0F43C1950887100BE6929 /* moreButton.png in Resources */ = {isa = PBXBuildFile; fileRef = B8B0F4331950887100BE6929 /* moreButton.png */; };
		B8B0F43D1950887100BE6929 /* likeButton_selected.png in Resources */ = {isa = PBXBuildFile; fileRef = B8B0F4341950887100BE6929 /* likeButton_selected.png */; };
		B8B0F43E1950887100BE6929 /* likeButton_unselected.png in Resources */ = {isa = PBXBuildFile; fileRef = B8B0F4351950887100BE6929 /* likeButton_unselected.png */; };
		B8B0F43F1950887100BE6929 /* likeButton_highlighted.png in Resources */ = {isa = PBXBuildFile; fileRef = B8B0F4361950887100BE6929 /* likeButton_highlighted.png */; };
		B8B0F4401950887100BE6929 /* bluejay.jpg in Resources */ = {isa = PBXBuildFile; fileRef = B8B0F4371950887100BE6929 /* bluejay.jpg */; };
		B8B0F4411950887100BE6929 /* secret.png in Resources */ = {isa = PBXBuildFile; fileRef = B8B0F4381950887100BE6929 /* secret.png */; };
		B8B0F4421950887100BE6929 /* likeButtonToolbar_unselected.png in Resources */ = {isa = PBXBuildFile; fileRef = B8B0F4391950887100BE6929 /* likeButtonToolbar_unselected.png */; };
		B8B0F4431950887100BE6929 /* commentButton.png in Resources */ = {isa = PBXBuildFile; fileRef = B8B0F43A1950887100BE6929 /* commentButton.png */; };
		B8B0F4441950887100BE6929 /* likeButtonToolbar_selected.png in Resources */ = {isa = PBXBuildFile; fileRef = B8B0F43B1950887100BE6929 /* likeButtonToolbar_selected.png */; };
		B8B0F447195088AA00BE6929 /* UIFont+SecretFont.m in Sources */ = {isa = PBXBuildFile; fileRef = B8B0F446195088AA00BE6929 /* UIFont+SecretFont.m */; };
		B8B0F44E1950E48900BE6929 /* FBShimmeringView.m in Sources */ = {isa = PBXBuildFile; fileRef = B8B0F44B1950E48900BE6929 /* FBShimmeringView.m */; };
		B8B0F44F1950E48900BE6929 /* FBShimmeringLayer.m in Sources */ = {isa = PBXBuildFile; fileRef = B8B0F44D1950E48900BE6929 /* FBShimmeringLayer.m */; };
		B8B0F4531951EFA800BE6929 /* Edible_S3.m in Sources */ = {isa = PBXBuildFile; fileRef = B8B0F4521951EFA800BE6929 /* Edible_S3.m */; };
		B8B0F4591951EFC100BE6929 /* AWSRuntime.framework in Frameworks */ = {isa = PBXBuildFile; fileRef = B8B0F4561951EFC100BE6929 /* AWSRuntime.framework */; };
		B8B0F45A1951EFC100BE6929 /* AWSS3.framework in Frameworks */ = {isa = PBXBuildFile; fileRef = B8B0F4571951EFC100BE6929 /* AWSS3.framework */; };
		B8B0F468195238D800BE6929 /* JTSImageViewController.m in Sources */ = {isa = PBXBuildFile; fileRef = B8B0F45D195238D800BE6929 /* JTSImageViewController.m */; };
		B8B0F469195238D800BE6929 /* JTSImageInfo.m in Sources */ = {isa = PBXBuildFile; fileRef = B8B0F45F195238D800BE6929 /* JTSImageInfo.m */; };
		B8B0F46A195238D800BE6929 /* JTSSimpleImageDownloader.m in Sources */ = {isa = PBXBuildFile; fileRef = B8B0F461195238D800BE6929 /* JTSSimpleImageDownloader.m */; };
		B8B0F46B195238D800BE6929 /* JTSAnimatedGIFUtility.m in Sources */ = {isa = PBXBuildFile; fileRef = B8B0F463195238D800BE6929 /* JTSAnimatedGIFUtility.m */; };
		B8B0F46C195238D800BE6929 /* UIImage+JTSImageEffects.m in Sources */ = {isa = PBXBuildFile; fileRef = B8B0F465195238D800BE6929 /* UIImage+JTSImageEffects.m */; };
		B8B0F46D195238D800BE6929 /* UIApplication+JTSImageViewController.m in Sources */ = {isa = PBXBuildFile; fileRef = B8B0F467195238D800BE6929 /* UIApplication+JTSImageViewController.m */; };
		B8C21B51194F81A40012B616 /* Foundation.framework in Frameworks */ = {isa = PBXBuildFile; fileRef = B8C21B50194F81A40012B616 /* Foundation.framework */; };
		B8C21B53194F81A40012B616 /* CoreGraphics.framework in Frameworks */ = {isa = PBXBuildFile; fileRef = B8C21B52194F81A40012B616 /* CoreGraphics.framework */; };
		B8C21B55194F81A40012B616 /* UIKit.framework in Frameworks */ = {isa = PBXBuildFile; fileRef = B8C21B54194F81A40012B616 /* UIKit.framework */; };
		B8C21B5B194F81A40012B616 /* InfoPlist.strings in Resources */ = {isa = PBXBuildFile; fileRef = B8C21B59194F81A40012B616 /* InfoPlist.strings */; };
		B8C21B5D194F81A40012B616 /* main.m in Sources */ = {isa = PBXBuildFile; fileRef = B8C21B5C194F81A40012B616 /* main.m */; };
		B8C21B61194F81A40012B616 /* AppDelegate.m in Sources */ = {isa = PBXBuildFile; fileRef = B8C21B60194F81A40012B616 /* AppDelegate.m */; };
		B8C21B64194F81A40012B616 /* Main.storyboard in Resources */ = {isa = PBXBuildFile; fileRef = B8C21B62194F81A40012B616 /* Main.storyboard */; };
		B8C21B67194F81A40012B616 /* ViewController.m in Sources */ = {isa = PBXBuildFile; fileRef = B8C21B66194F81A40012B616 /* ViewController.m */; };
		B8C21B69194F81A40012B616 /* Images.xcassets in Resources */ = {isa = PBXBuildFile; fileRef = B8C21B68194F81A40012B616 /* Images.xcassets */; };
		B8C21B70194F81A40012B616 /* XCTest.framework in Frameworks */ = {isa = PBXBuildFile; fileRef = B8C21B6F194F81A40012B616 /* XCTest.framework */; };
		B8C21B71194F81A40012B616 /* Foundation.framework in Frameworks */ = {isa = PBXBuildFile; fileRef = B8C21B50194F81A40012B616 /* Foundation.framework */; };
		B8C21B72194F81A40012B616 /* UIKit.framework in Frameworks */ = {isa = PBXBuildFile; fileRef = B8C21B54194F81A40012B616 /* UIKit.framework */; };
		B8C21B7A194F81A40012B616 /* InfoPlist.strings in Resources */ = {isa = PBXBuildFile; fileRef = B8C21B78194F81A40012B616 /* InfoPlist.strings */; };
		B8C21B7C194F81A40012B616 /* DetailViewDemoTests.m in Sources */ = {isa = PBXBuildFile; fileRef = B8C21B7B194F81A40012B616 /* DetailViewDemoTests.m */; };
		B8C21B89194F82740012B616 /* EDImageFlowLayout.m in Sources */ = {isa = PBXBuildFile; fileRef = B8C21B86194F82740012B616 /* EDImageFlowLayout.m */; };
		B8C21B8A194F82740012B616 /* EDImageCell.m in Sources */ = {isa = PBXBuildFile; fileRef = B8C21B88194F82740012B616 /* EDImageCell.m */; };
		B8C21B8D194F827C0012B616 /* UIImageView+M13AsynchronousImageView.m in Sources */ = {isa = PBXBuildFile; fileRef = B8C21B8C194F827C0012B616 /* UIImageView+M13AsynchronousImageView.m */; };
		B8C21B8F194F82FA0012B616 /* fullURLs.txt in Resources */ = {isa = PBXBuildFile; fileRef = B8C21B8E194F82FA0012B616 /* fullURLs.txt */; };
		B8C21B94194F87150012B616 /* RQShineLabel.m in Sources */ = {isa = PBXBuildFile; fileRef = B8C21B93194F87150012B616 /* RQShineLabel.m */; };
		B8C21B97194F87550012B616 /* LoadControls.m in Sources */ = {isa = PBXBuildFile; fileRef = B8C21B96194F87550012B616 /* LoadControls.m */; };
		B8C21B9C194F9C100012B616 /* btn_tag_delete.png in Resources */ = {isa = PBXBuildFile; fileRef = B8C21B99194F9C100012B616 /* btn_tag_delete.png */; };
		B8C21B9D194F9C100012B616 /* TagView.m in Sources */ = {isa = PBXBuildFile; fileRef = B8C21B9B194F9C100012B616 /* TagView.m */; };
/* End PBXBuildFile section */

/* Begin PBXContainerItemProxy section */
		B8C21B73194F81A40012B616 /* PBXContainerItemProxy */ = {
			isa = PBXContainerItemProxy;
			containerPortal = B8C21B45194F81A40012B616 /* Project object */;
			proxyType = 1;
			remoteGlobalIDString = B8C21B4C194F81A40012B616;
			remoteInfo = DetailViewDemo;
		};
/* End PBXContainerItemProxy section */

/* Begin PBXFileReference section */
		B878EFE11955DA6200C43583 /* FoodInfoView.h */ = {isa = PBXFileReference; fileEncoding = 4; lastKnownFileType = sourcecode.c.h; path = FoodInfoView.h; sourceTree = "<group>"; };
		B878EFE21955DA6200C43583 /* FoodInfoView.m */ = {isa = PBXFileReference; fileEncoding = 4; lastKnownFileType = sourcecode.c.objc; path = FoodInfoView.m; sourceTree = "<group>"; };
		B8B0F42D1950884500BE6929 /* CommentCell.h */ = {isa = PBXFileReference; fileEncoding = 4; lastKnownFileType = sourcecode.c.h; path = CommentCell.h; sourceTree = "<group>"; };
		B8B0F42E1950884500BE6929 /* CommentCell.m */ = {isa = PBXFileReference; fileEncoding = 4; lastKnownFileType = sourcecode.c.objc; path = CommentCell.m; sourceTree = "<group>"; };
		B8B0F4311950886500BE6929 /* like_greyIcon.png */ = {isa = PBXFileReference; lastKnownFileType = image.png; path = like_greyIcon.png; sourceTree = "<group>"; };
		B8B0F4331950887100BE6929 /* moreButton.png */ = {isa = PBXFileReference; lastKnownFileType = image.png; path = moreButton.png; sourceTree = "<group>"; };
		B8B0F4341950887100BE6929 /* likeButton_selected.png */ = {isa = PBXFileReference; lastKnownFileType = image.png; path = likeButton_selected.png; sourceTree = "<group>"; };
		B8B0F4351950887100BE6929 /* likeButton_unselected.png */ = {isa = PBXFileReference; lastKnownFileType = image.png; path = likeButton_unselected.png; sourceTree = "<group>"; };
		B8B0F4361950887100BE6929 /* likeButton_highlighted.png */ = {isa = PBXFileReference; lastKnownFileType = image.png; path = likeButton_highlighted.png; sourceTree = "<group>"; };
		B8B0F4371950887100BE6929 /* bluejay.jpg */ = {isa = PBXFileReference; lastKnownFileType = image.jpeg; path = bluejay.jpg; sourceTree = "<group>"; };
		B8B0F4381950887100BE6929 /* secret.png */ = {isa = PBXFileReference; lastKnownFileType = image.png; path = secret.png; sourceTree = "<group>"; };
		B8B0F4391950887100BE6929 /* likeButtonToolbar_unselected.png */ = {isa = PBXFileReference; lastKnownFileType = image.png; path = likeButtonToolbar_unselected.png; sourceTree = "<group>"; };
		B8B0F43A1950887100BE6929 /* commentButton.png */ = {isa = PBXFileReference; lastKnownFileType = image.png; path = commentButton.png; sourceTree = "<group>"; };
		B8B0F43B1950887100BE6929 /* likeButtonToolbar_selected.png */ = {isa = PBXFileReference; lastKnownFileType = image.png; path = likeButtonToolbar_selected.png; sourceTree = "<group>"; };
		B8B0F445195088AA00BE6929 /* UIFont+SecretFont.h */ = {isa = PBXFileReference; fileEncoding = 4; lastKnownFileType = sourcecode.c.h; path = "UIFont+SecretFont.h"; sourceTree = "<group>"; };
		B8B0F446195088AA00BE6929 /* UIFont+SecretFont.m */ = {isa = PBXFileReference; fileEncoding = 4; lastKnownFileType = sourcecode.c.objc; path = "UIFont+SecretFont.m"; sourceTree = "<group>"; };
		B8B0F4491950E48900BE6929 /* FBShimmering.h */ = {isa = PBXFileReference; fileEncoding = 4; lastKnownFileType = sourcecode.c.h; path = FBShimmering.h; sourceTree = "<group>"; };
		B8B0F44A1950E48900BE6929 /* FBShimmeringView.h */ = {isa = PBXFileReference; fileEncoding = 4; lastKnownFileType = sourcecode.c.h; path = FBShimmeringView.h; sourceTree = "<group>"; };
		B8B0F44B1950E48900BE6929 /* FBShimmeringView.m */ = {isa = PBXFileReference; fileEncoding = 4; lastKnownFileType = sourcecode.c.objc; path = FBShimmeringView.m; sourceTree = "<group>"; };
		B8B0F44C1950E48900BE6929 /* FBShimmeringLayer.h */ = {isa = PBXFileReference; fileEncoding = 4; lastKnownFileType = sourcecode.c.h; path = FBShimmeringLayer.h; sourceTree = "<group>"; };
		B8B0F44D1950E48900BE6929 /* FBShimmeringLayer.m */ = {isa = PBXFileReference; fileEncoding = 4; lastKnownFileType = sourcecode.c.objc; path = FBShimmeringLayer.m; sourceTree = "<group>"; };
		B8B0F4511951EFA800BE6929 /* Edible_S3.h */ = {isa = PBXFileReference; fileEncoding = 4; lastKnownFileType = sourcecode.c.h; path = Edible_S3.h; sourceTree = "<group>"; };
		B8B0F4521951EFA800BE6929 /* Edible_S3.m */ = {isa = PBXFileReference; fileEncoding = 4; lastKnownFileType = sourcecode.c.objc; path = Edible_S3.m; sourceTree = "<group>"; };
		B8B0F4561951EFC100BE6929 /* AWSRuntime.framework */ = {isa = PBXFileReference; lastKnownFileType = wrapper.framework; path = AWSRuntime.framework; sourceTree = "<group>"; };
		B8B0F4571951EFC100BE6929 /* AWSS3.framework */ = {isa = PBXFileReference; lastKnownFileType = wrapper.framework; path = AWSS3.framework; sourceTree = "<group>"; };
		B8B0F45C195238D800BE6929 /* JTSImageViewController.h */ = {isa = PBXFileReference; fileEncoding = 4; lastKnownFileType = sourcecode.c.h; path = JTSImageViewController.h; sourceTree = "<group>"; };
		B8B0F45D195238D800BE6929 /* JTSImageViewController.m */ = {isa = PBXFileReference; fileEncoding = 4; lastKnownFileType = sourcecode.c.objc; path = JTSImageViewController.m; sourceTree = "<group>"; };
		B8B0F45E195238D800BE6929 /* JTSImageInfo.h */ = {isa = PBXFileReference; fileEncoding = 4; lastKnownFileType = sourcecode.c.h; path = JTSImageInfo.h; sourceTree = "<group>"; };
		B8B0F45F195238D800BE6929 /* JTSImageInfo.m */ = {isa = PBXFileReference; fileEncoding = 4; lastKnownFileType = sourcecode.c.objc; path = JTSImageInfo.m; sourceTree = "<group>"; };
		B8B0F460195238D800BE6929 /* JTSSimpleImageDownloader.h */ = {isa = PBXFileReference; fileEncoding = 4; lastKnownFileType = sourcecode.c.h; path = JTSSimpleImageDownloader.h; sourceTree = "<group>"; };
		B8B0F461195238D800BE6929 /* JTSSimpleImageDownloader.m */ = {isa = PBXFileReference; fileEncoding = 4; lastKnownFileType = sourcecode.c.objc; path = JTSSimpleImageDownloader.m; sourceTree = "<group>"; };
		B8B0F462195238D800BE6929 /* JTSAnimatedGIFUtility.h */ = {isa = PBXFileReference; fileEncoding = 4; lastKnownFileType = sourcecode.c.h; path = JTSAnimatedGIFUtility.h; sourceTree = "<group>"; };
		B8B0F463195238D800BE6929 /* JTSAnimatedGIFUtility.m */ = {isa = PBXFileReference; fileEncoding = 4; lastKnownFileType = sourcecode.c.objc; path = JTSAnimatedGIFUtility.m; sourceTree = "<group>"; };
		B8B0F464195238D800BE6929 /* UIImage+JTSImageEffects.h */ = {isa = PBXFileReference; fileEncoding = 4; lastKnownFileType = sourcecode.c.h; path = "UIImage+JTSImageEffects.h"; sourceTree = "<group>"; };
		B8B0F465195238D800BE6929 /* UIImage+JTSImageEffects.m */ = {isa = PBXFileReference; fileEncoding = 4; lastKnownFileType = sourcecode.c.objc; path = "UIImage+JTSImageEffects.m"; sourceTree = "<group>"; };
		B8B0F466195238D800BE6929 /* UIApplication+JTSImageViewController.h */ = {isa = PBXFileReference; fileEncoding = 4; lastKnownFileType = sourcecode.c.h; path = "UIApplication+JTSImageViewController.h"; sourceTree = "<group>"; };
		B8B0F467195238D800BE6929 /* UIApplication+JTSImageViewController.m */ = {isa = PBXFileReference; fileEncoding = 4; lastKnownFileType = sourcecode.c.objc; path = "UIApplication+JTSImageViewController.m"; sourceTree = "<group>"; };
		B8C21B4D194F81A40012B616 /* DetailViewDemo.app */ = {isa = PBXFileReference; explicitFileType = wrapper.application; includeInIndex = 0; path = DetailViewDemo.app; sourceTree = BUILT_PRODUCTS_DIR; };
		B8C21B50194F81A40012B616 /* Foundation.framework */ = {isa = PBXFileReference; lastKnownFileType = wrapper.framework; name = Foundation.framework; path = System/Library/Frameworks/Foundation.framework; sourceTree = SDKROOT; };
		B8C21B52194F81A40012B616 /* CoreGraphics.framework */ = {isa = PBXFileReference; lastKnownFileType = wrapper.framework; name = CoreGraphics.framework; path = System/Library/Frameworks/CoreGraphics.framework; sourceTree = SDKROOT; };
		B8C21B54194F81A40012B616 /* UIKit.framework */ = {isa = PBXFileReference; lastKnownFileType = wrapper.framework; name = UIKit.framework; path = System/Library/Frameworks/UIKit.framework; sourceTree = SDKROOT; };
		B8C21B58194F81A40012B616 /* DetailViewDemo-Info.plist */ = {isa = PBXFileReference; lastKnownFileType = text.plist.xml; path = "DetailViewDemo-Info.plist"; sourceTree = "<group>"; };
		B8C21B5A194F81A40012B616 /* en */ = {isa = PBXFileReference; lastKnownFileType = text.plist.strings; name = en; path = en.lproj/InfoPlist.strings; sourceTree = "<group>"; };
		B8C21B5C194F81A40012B616 /* main.m */ = {isa = PBXFileReference; lastKnownFileType = sourcecode.c.objc; path = main.m; sourceTree = "<group>"; };
		B8C21B5E194F81A40012B616 /* DetailViewDemo-Prefix.pch */ = {isa = PBXFileReference; lastKnownFileType = sourcecode.c.h; path = "DetailViewDemo-Prefix.pch"; sourceTree = "<group>"; };
		B8C21B5F194F81A40012B616 /* AppDelegate.h */ = {isa = PBXFileReference; lastKnownFileType = sourcecode.c.h; path = AppDelegate.h; sourceTree = "<group>"; };
		B8C21B60194F81A40012B616 /* AppDelegate.m */ = {isa = PBXFileReference; lastKnownFileType = sourcecode.c.objc; path = AppDelegate.m; sourceTree = "<group>"; };
		B8C21B63194F81A40012B616 /* Base */ = {isa = PBXFileReference; lastKnownFileType = file.storyboard; name = Base; path = Base.lproj/Main.storyboard; sourceTree = "<group>"; };
		B8C21B65194F81A40012B616 /* ViewController.h */ = {isa = PBXFileReference; lastKnownFileType = sourcecode.c.h; path = ViewController.h; sourceTree = "<group>"; };
		B8C21B66194F81A40012B616 /* ViewController.m */ = {isa = PBXFileReference; lastKnownFileType = sourcecode.c.objc; path = ViewController.m; sourceTree = "<group>"; };
		B8C21B68194F81A40012B616 /* Images.xcassets */ = {isa = PBXFileReference; lastKnownFileType = folder.assetcatalog; path = Images.xcassets; sourceTree = "<group>"; };
		B8C21B6E194F81A40012B616 /* DetailViewDemoTests.xctest */ = {isa = PBXFileReference; explicitFileType = wrapper.cfbundle; includeInIndex = 0; path = DetailViewDemoTests.xctest; sourceTree = BUILT_PRODUCTS_DIR; };
		B8C21B6F194F81A40012B616 /* XCTest.framework */ = {isa = PBXFileReference; lastKnownFileType = wrapper.framework; name = XCTest.framework; path = Library/Frameworks/XCTest.framework; sourceTree = DEVELOPER_DIR; };
		B8C21B77194F81A40012B616 /* DetailViewDemoTests-Info.plist */ = {isa = PBXFileReference; lastKnownFileType = text.plist.xml; path = "DetailViewDemoTests-Info.plist"; sourceTree = "<group>"; };
		B8C21B79194F81A40012B616 /* en */ = {isa = PBXFileReference; lastKnownFileType = text.plist.strings; name = en; path = en.lproj/InfoPlist.strings; sourceTree = "<group>"; };
		B8C21B7B194F81A40012B616 /* DetailViewDemoTests.m */ = {isa = PBXFileReference; lastKnownFileType = sourcecode.c.objc; path = DetailViewDemoTests.m; sourceTree = "<group>"; };
		B8C21B85194F82740012B616 /* EDImageFlowLayout.h */ = {isa = PBXFileReference; fileEncoding = 4; lastKnownFileType = sourcecode.c.h; path = EDImageFlowLayout.h; sourceTree = "<group>"; };
		B8C21B86194F82740012B616 /* EDImageFlowLayout.m */ = {isa = PBXFileReference; fileEncoding = 4; lastKnownFileType = sourcecode.c.objc; path = EDImageFlowLayout.m; sourceTree = "<group>"; };
		B8C21B87194F82740012B616 /* EDImageCell.h */ = {isa = PBXFileReference; fileEncoding = 4; lastKnownFileType = sourcecode.c.h; path = EDImageCell.h; sourceTree = "<group>"; };
		B8C21B88194F82740012B616 /* EDImageCell.m */ = {isa = PBXFileReference; fileEncoding = 4; lastKnownFileType = sourcecode.c.objc; path = EDImageCell.m; sourceTree = "<group>"; };
		B8C21B8B194F827C0012B616 /* UIImageView+M13AsynchronousImageView.h */ = {isa = PBXFileReference; fileEncoding = 4; lastKnownFileType = sourcecode.c.h; path = "UIImageView+M13AsynchronousImageView.h"; sourceTree = "<group>"; };
		B8C21B8C194F827C0012B616 /* UIImageView+M13AsynchronousImageView.m */ = {isa = PBXFileReference; fileEncoding = 4; lastKnownFileType = sourcecode.c.objc; path = "UIImageView+M13AsynchronousImageView.m"; sourceTree = "<group>"; };
		B8C21B8E194F82FA0012B616 /* fullURLs.txt */ = {isa = PBXFileReference; fileEncoding = 4; lastKnownFileType = text; path = fullURLs.txt; sourceTree = "<group>"; };
		B8C21B92194F87150012B616 /* RQShineLabel.h */ = {isa = PBXFileReference; fileEncoding = 4; lastKnownFileType = sourcecode.c.h; path = RQShineLabel.h; sourceTree = "<group>"; };
		B8C21B93194F87150012B616 /* RQShineLabel.m */ = {isa = PBXFileReference; fileEncoding = 4; lastKnownFileType = sourcecode.c.objc; path = RQShineLabel.m; sourceTree = "<group>"; };
		B8C21B95194F87550012B616 /* LoadControls.h */ = {isa = PBXFileReference; fileEncoding = 4; lastKnownFileType = sourcecode.c.h; path = LoadControls.h; sourceTree = "<group>"; };
		B8C21B96194F87550012B616 /* LoadControls.m */ = {isa = PBXFileReference; fileEncoding = 4; lastKnownFileType = sourcecode.c.objc; path = LoadControls.m; sourceTree = "<group>"; };
		B8C21B99194F9C100012B616 /* btn_tag_delete.png */ = {isa = PBXFileReference; lastKnownFileType = image.png; path = btn_tag_delete.png; sourceTree = "<group>"; };
		B8C21B9A194F9C100012B616 /* TagView.h */ = {isa = PBXFileReference; fileEncoding = 4; lastKnownFileType = sourcecode.c.h; path = TagView.h; sourceTree = "<group>"; };
		B8C21B9B194F9C100012B616 /* TagView.m */ = {isa = PBXFileReference; fileEncoding = 4; lastKnownFileType = sourcecode.c.objc; path = TagView.m; sourceTree = "<group>"; };
/* End PBXFileReference section */

/* Begin PBXFrameworksBuildPhase section */
		B8C21B4A194F81A40012B616 /* Frameworks */ = {
			isa = PBXFrameworksBuildPhase;
			buildActionMask = 2147483647;
			files = (
				B8C21B53194F81A40012B616 /* CoreGraphics.framework in Frameworks */,
				B8C21B55194F81A40012B616 /* UIKit.framework in Frameworks */,
				B8C21B51194F81A40012B616 /* Foundation.framework in Frameworks */,
				B8B0F4591951EFC100BE6929 /* AWSRuntime.framework in Frameworks */,
				B8B0F45A1951EFC100BE6929 /* AWSS3.framework in Frameworks */,
			);
			runOnlyForDeploymentPostprocessing = 0;
		};
		B8C21B6B194F81A40012B616 /* Frameworks */ = {
			isa = PBXFrameworksBuildPhase;
			buildActionMask = 2147483647;
			files = (
				B8C21B70194F81A40012B616 /* XCTest.framework in Frameworks */,
				B8C21B72194F81A40012B616 /* UIKit.framework in Frameworks */,
				B8C21B71194F81A40012B616 /* Foundation.framework in Frameworks */,
			);
			runOnlyForDeploymentPostprocessing = 0;
		};
/* End PBXFrameworksBuildPhase section */

/* Begin PBXGroup section */
		B8B0F42C1950883600BE6929 /* CommentTableview */ = {
			isa = PBXGroup;
			children = (
				B8B0F4301950885B00BE6929 /* images */,
				B8B0F42D1950884500BE6929 /* CommentCell.h */,
				B8B0F42E1950884500BE6929 /* CommentCell.m */,
				B8B0F445195088AA00BE6929 /* UIFont+SecretFont.h */,
				B8B0F446195088AA00BE6929 /* UIFont+SecretFont.m */,
			);
			name = CommentTableview;
			sourceTree = "<group>";
		};
		B8B0F4301950885B00BE6929 /* images */ = {
			isa = PBXGroup;
			children = (
				B8B0F4331950887100BE6929 /* moreButton.png */,
				B8B0F4341950887100BE6929 /* likeButton_selected.png */,
				B8B0F4351950887100BE6929 /* likeButton_unselected.png */,
				B8B0F4361950887100BE6929 /* likeButton_highlighted.png */,
				B8B0F4371950887100BE6929 /* bluejay.jpg */,
				B8B0F4381950887100BE6929 /* secret.png */,
				B8B0F4391950887100BE6929 /* likeButtonToolbar_unselected.png */,
				B8B0F43A1950887100BE6929 /* commentButton.png */,
				B8B0F43B1950887100BE6929 /* likeButtonToolbar_selected.png */,
				B8B0F4311950886500BE6929 /* like_greyIcon.png */,
			);
			name = images;
			sourceTree = "<group>";
		};
		B8B0F4481950E47E00BE6929 /* ShimmerLabel */ = {
			isa = PBXGroup;
			children = (
				B8B0F4491950E48900BE6929 /* FBShimmering.h */,
				B8B0F44A1950E48900BE6929 /* FBShimmeringView.h */,
				B8B0F44B1950E48900BE6929 /* FBShimmeringView.m */,
				B8B0F44C1950E48900BE6929 /* FBShimmeringLayer.h */,
				B8B0F44D1950E48900BE6929 /* FBShimmeringLayer.m */,
			);
			name = ShimmerLabel;
			sourceTree = "<group>";
		};
		B8B0F4501951EF9900BE6929 /* S3 */ = {
			isa = PBXGroup;
			children = (
				B8B0F4511951EFA800BE6929 /* Edible_S3.h */,
				B8B0F4521951EFA800BE6929 /* Edible_S3.m */,
			);
			name = S3;
			sourceTree = "<group>";
		};
		B8B0F45B195238CC00BE6929 /* imageViewer */ = {
			isa = PBXGroup;
			children = (
				B8B0F45C195238D800BE6929 /* JTSImageViewController.h */,
				B8B0F45D195238D800BE6929 /* JTSImageViewController.m */,
				B8B0F45E195238D800BE6929 /* JTSImageInfo.h */,
				B8B0F45F195238D800BE6929 /* JTSImageInfo.m */,
				B8B0F460195238D800BE6929 /* JTSSimpleImageDownloader.h */,
				B8B0F461195238D800BE6929 /* JTSSimpleImageDownloader.m */,
				B8B0F462195238D800BE6929 /* JTSAnimatedGIFUtility.h */,
				B8B0F463195238D800BE6929 /* JTSAnimatedGIFUtility.m */,
				B8B0F464195238D800BE6929 /* UIImage+JTSImageEffects.h */,
				B8B0F465195238D800BE6929 /* UIImage+JTSImageEffects.m */,
				B8B0F466195238D800BE6929 /* UIApplication+JTSImageViewController.h */,
				B8B0F467195238D800BE6929 /* UIApplication+JTSImageViewController.m */,
			);
			name = imageViewer;
			sourceTree = "<group>";
		};
		B8C21B44194F81A40012B616 = {
			isa = PBXGroup;
			children = (
				B8C21B56194F81A40012B616 /* DetailViewDemo */,
				B8C21B75194F81A40012B616 /* DetailViewDemoTests */,
				B8C21B4F194F81A40012B616 /* Frameworks */,
				B8C21B4E194F81A40012B616 /* Products */,
			);
			sourceTree = "<group>";
		};
		B8C21B4E194F81A40012B616 /* Products */ = {
			isa = PBXGroup;
			children = (
				B8C21B4D194F81A40012B616 /* DetailViewDemo.app */,
				B8C21B6E194F81A40012B616 /* DetailViewDemoTests.xctest */,
			);
			name = Products;
			sourceTree = "<group>";
		};
		B8C21B4F194F81A40012B616 /* Frameworks */ = {
			isa = PBXGroup;
			children = (
				B8B0F4561951EFC100BE6929 /* AWSRuntime.framework */,
				B8B0F4571951EFC100BE6929 /* AWSS3.framework */,
				B8C21B50194F81A40012B616 /* Foundation.framework */,
				B8C21B52194F81A40012B616 /* CoreGraphics.framework */,
				B8C21B54194F81A40012B616 /* UIKit.framework */,
				B8C21B6F194F81A40012B616 /* XCTest.framework */,
			);
			name = Frameworks;
			sourceTree = "<group>";
		};
		B8C21B56194F81A40012B616 /* DetailViewDemo */ = {
			isa = PBXGroup;
			children = (
				B8C21B95194F87550012B616 /* LoadControls.h */,
				B8C21B96194F87550012B616 /* LoadControls.m */,
				B8B0F4501951EF9900BE6929 /* S3 */,
				B8B0F4481950E47E00BE6929 /* ShimmerLabel */,
				B8B0F42C1950883600BE6929 /* CommentTableview */,
				B8C21B98194F9C020012B616 /* tags */,
				B8C21B91194F839D0012B616 /* shineLabelComponent */,
				B8C21B90194F83800012B616 /* imageComponent */,
				B8C21B62194F81A40012B616 /* Main.storyboard */,
				B8C21B65194F81A40012B616 /* ViewController.h */,
				B8C21B66194F81A40012B616 /* ViewController.m */,
				B878EFE11955DA6200C43583 /* FoodInfoView.h */,
				B878EFE21955DA6200C43583 /* FoodInfoView.m */,
				B8C21B68194F81A40012B616 /* Images.xcassets */,
				B8C21B57194F81A40012B616 /* Supporting Files */,
			);
			path = DetailViewDemo;
			sourceTree = "<group>";
		};
		B8C21B57194F81A40012B616 /* Supporting Files */ = {
			isa = PBXGroup;
			children = (
				B8C21B5F194F81A40012B616 /* AppDelegate.h */,
				B8C21B60194F81A40012B616 /* AppDelegate.m */,
				B8C21B58194F81A40012B616 /* DetailViewDemo-Info.plist */,
				B8C21B59194F81A40012B616 /* InfoPlist.strings */,
				B8C21B5C194F81A40012B616 /* main.m */,
				B8C21B5E194F81A40012B616 /* DetailViewDemo-Prefix.pch */,
			);
			name = "Supporting Files";
			sourceTree = "<group>";
		};
		B8C21B75194F81A40012B616 /* DetailViewDemoTests */ = {
			isa = PBXGroup;
			children = (
				B8C21B7B194F81A40012B616 /* DetailViewDemoTests.m */,
				B8C21B76194F81A40012B616 /* Supporting Files */,
			);
			path = DetailViewDemoTests;
			sourceTree = "<group>";
		};
		B8C21B76194F81A40012B616 /* Supporting Files */ = {
			isa = PBXGroup;
			children = (
				B8C21B77194F81A40012B616 /* DetailViewDemoTests-Info.plist */,
				B8C21B78194F81A40012B616 /* InfoPlist.strings */,
			);
			name = "Supporting Files";
			sourceTree = "<group>";
		};
		B8C21B90194F83800012B616 /* imageComponent */ = {
			isa = PBXGroup;
			children = (
				B8B0F45B195238CC00BE6929 /* imageViewer */,
				B8C21B85194F82740012B616 /* EDImageFlowLayout.h */,
				B8C21B86194F82740012B616 /* EDImageFlowLayout.m */,
				B8C21B87194F82740012B616 /* EDImageCell.h */,
				B8C21B88194F82740012B616 /* EDImageCell.m */,
				B8C21B8B194F827C0012B616 /* UIImageView+M13AsynchronousImageView.h */,
				B8C21B8C194F827C0012B616 /* UIImageView+M13AsynchronousImageView.m */,
				B8C21B8E194F82FA0012B616 /* fullURLs.txt */,
			);
			name = imageComponent;
			sourceTree = "<group>";
		};
		B8C21B91194F839D0012B616 /* shineLabelComponent */ = {
			isa = PBXGroup;
			children = (
				B8C21B92194F87150012B616 /* RQShineLabel.h */,
				B8C21B93194F87150012B616 /* RQShineLabel.m */,
			);
			name = shineLabelComponent;
			sourceTree = "<group>";
		};
		B8C21B98194F9C020012B616 /* tags */ = {
			isa = PBXGroup;
			children = (
				B8C21B99194F9C100012B616 /* btn_tag_delete.png */,
				B8C21B9A194F9C100012B616 /* TagView.h */,
				B8C21B9B194F9C100012B616 /* TagView.m */,
			);
			name = tags;
			sourceTree = "<group>";
		};
/* End PBXGroup section */

/* Begin PBXNativeTarget section */
		B8C21B4C194F81A40012B616 /* DetailViewDemo */ = {
			isa = PBXNativeTarget;
			buildConfigurationList = B8C21B7F194F81A40012B616 /* Build configuration list for PBXNativeTarget "DetailViewDemo" */;
			buildPhases = (
				B8C21B49194F81A40012B616 /* Sources */,
				B8C21B4A194F81A40012B616 /* Frameworks */,
				B8C21B4B194F81A40012B616 /* Resources */,
			);
			buildRules = (
			);
			dependencies = (
			);
			name = DetailViewDemo;
			productName = DetailViewDemo;
			productReference = B8C21B4D194F81A40012B616 /* DetailViewDemo.app */;
			productType = "com.apple.product-type.application";
		};
		B8C21B6D194F81A40012B616 /* DetailViewDemoTests */ = {
			isa = PBXNativeTarget;
			buildConfigurationList = B8C21B82194F81A40012B616 /* Build configuration list for PBXNativeTarget "DetailViewDemoTests" */;
			buildPhases = (
				B8C21B6A194F81A40012B616 /* Sources */,
				B8C21B6B194F81A40012B616 /* Frameworks */,
				B8C21B6C194F81A40012B616 /* Resources */,
			);
			buildRules = (
			);
			dependencies = (
				B8C21B74194F81A40012B616 /* PBXTargetDependency */,
			);
			name = DetailViewDemoTests;
			productName = DetailViewDemoTests;
			productReference = B8C21B6E194F81A40012B616 /* DetailViewDemoTests.xctest */;
			productType = "com.apple.product-type.bundle.unit-test";
		};
/* End PBXNativeTarget section */

/* Begin PBXProject section */
		B8C21B45194F81A40012B616 /* Project object */ = {
			isa = PBXProject;
			attributes = {
				LastUpgradeCheck = 0510;
				ORGANIZATIONNAME = "Hao Zheng";
				TargetAttributes = {
					B8C21B6D194F81A40012B616 = {
						TestTargetID = B8C21B4C194F81A40012B616;
					};
				};
			};
			buildConfigurationList = B8C21B48194F81A40012B616 /* Build configuration list for PBXProject "DetailViewDemo" */;
			compatibilityVersion = "Xcode 3.2";
			developmentRegion = English;
			hasScannedForEncodings = 0;
			knownRegions = (
				en,
				Base,
			);
			mainGroup = B8C21B44194F81A40012B616;
			productRefGroup = B8C21B4E194F81A40012B616 /* Products */;
			projectDirPath = "";
			projectRoot = "";
			targets = (
				B8C21B4C194F81A40012B616 /* DetailViewDemo */,
				B8C21B6D194F81A40012B616 /* DetailViewDemoTests */,
			);
		};
/* End PBXProject section */

/* Begin PBXResourcesBuildPhase section */
		B8C21B4B194F81A40012B616 /* Resources */ = {
			isa = PBXResourcesBuildPhase;
			buildActionMask = 2147483647;
			files = (
				B8C21B69194F81A40012B616 /* Images.xcassets in Resources */,
				B8C21B5B194F81A40012B616 /* InfoPlist.strings in Resources */,
				B8B0F43C1950887100BE6929 /* moreButton.png in Resources */,
				B8B0F43D1950887100BE6929 /* likeButton_selected.png in Resources */,
				B8C21B64194F81A40012B616 /* Main.storyboard in Resources */,
				B8B0F4401950887100BE6929 /* bluejay.jpg in Resources */,
				B8B0F4441950887100BE6929 /* likeButtonToolbar_selected.png in Resources */,
				B8B0F4421950887100BE6929 /* likeButtonToolbar_unselected.png in Resources */,
				B8B0F4431950887100BE6929 /* commentButton.png in Resources */,
				B8C21B9C194F9C100012B616 /* btn_tag_delete.png in Resources */,
				B8B0F4321950886500BE6929 /* like_greyIcon.png in Resources */,
				B8B0F43E1950887100BE6929 /* likeButton_unselected.png in Resources */,
				B8B0F43F1950887100BE6929 /* likeButton_highlighted.png in Resources */,
				B8C21B8F194F82FA0012B616 /* fullURLs.txt in Resources */,
				B8B0F4411950887100BE6929 /* secret.png in Resources */,
			);
			runOnlyForDeploymentPostprocessing = 0;
		};
		B8C21B6C194F81A40012B616 /* Resources */ = {
			isa = PBXResourcesBuildPhase;
			buildActionMask = 2147483647;
			files = (
				B8C21B7A194F81A40012B616 /* InfoPlist.strings in Resources */,
			);
			runOnlyForDeploymentPostprocessing = 0;
		};
/* End PBXResourcesBuildPhase section */

/* Begin PBXSourcesBuildPhase section */
		B8C21B49194F81A40012B616 /* Sources */ = {
			isa = PBXSourcesBuildPhase;
			buildActionMask = 2147483647;
			files = (
				B8C21B8A194F82740012B616 /* EDImageCell.m in Sources */,
				B8C21B89194F82740012B616 /* EDImageFlowLayout.m in Sources */,
				B8B0F46A195238D800BE6929 /* JTSSimpleImageDownloader.m in Sources */,
				B8C21B67194F81A40012B616 /* ViewController.m in Sources */,
				B8B0F42F1950884500BE6929 /* CommentCell.m in Sources */,
				B8B0F4531951EFA800BE6929 /* Edible_S3.m in Sources */,
				B8C21B94194F87150012B616 /* RQShineLabel.m in Sources */,
				B8B0F46C195238D800BE6929 /* UIImage+JTSImageEffects.m in Sources */,
				B8C21B61194F81A40012B616 /* AppDelegate.m in Sources */,
				B8B0F46B195238D800BE6929 /* JTSAnimatedGIFUtility.m in Sources */,
				B8C21B97194F87550012B616 /* LoadControls.m in Sources */,
				B8B0F468195238D800BE6929 /* JTSImageViewController.m in Sources */,
				B878EFE31955DA6200C43583 /* FoodInfoView.m in Sources */,
				B8B0F469195238D800BE6929 /* JTSImageInfo.m in Sources */,
				B8B0F46D195238D800BE6929 /* UIApplication+JTSImageViewController.m in Sources */,
				B8B0F44E1950E48900BE6929 /* FBShimmeringView.m in Sources */,
				B8C21B9D194F9C100012B616 /* TagView.m in Sources */,
				B8B0F44F1950E48900BE6929 /* FBShimmeringLayer.m in Sources */,
				B8C21B5D194F81A40012B616 /* main.m in Sources */,
				B8C21B8D194F827C0012B616 /* UIImageView+M13AsynchronousImageView.m in Sources */,
				B8B0F447195088AA00BE6929 /* UIFont+SecretFont.m in Sources */,
			);
			runOnlyForDeploymentPostprocessing = 0;
		};
		B8C21B6A194F81A40012B616 /* Sources */ = {
			isa = PBXSourcesBuildPhase;
			buildActionMask = 2147483647;
			files = (
				B8C21B7C194F81A40012B616 /* DetailViewDemoTests.m in Sources */,
			);
			runOnlyForDeploymentPostprocessing = 0;
		};
/* End PBXSourcesBuildPhase section */

/* Begin PBXTargetDependency section */
		B8C21B74194F81A40012B616 /* PBXTargetDependency */ = {
			isa = PBXTargetDependency;
			target = B8C21B4C194F81A40012B616 /* DetailViewDemo */;
			targetProxy = B8C21B73194F81A40012B616 /* PBXContainerItemProxy */;
		};
/* End PBXTargetDependency section */

/* Begin PBXVariantGroup section */
		B8C21B59194F81A40012B616 /* InfoPlist.strings */ = {
			isa = PBXVariantGroup;
			children = (
				B8C21B5A194F81A40012B616 /* en */,
			);
			name = InfoPlist.strings;
			sourceTree = "<group>";
		};
		B8C21B62194F81A40012B616 /* Main.storyboard */ = {
			isa = PBXVariantGroup;
			children = (
				B8C21B63194F81A40012B616 /* Base */,
			);
			name = Main.storyboard;
			sourceTree = "<group>";
		};
		B8C21B78194F81A40012B616 /* InfoPlist.strings */ = {
			isa = PBXVariantGroup;
			children = (
				B8C21B79194F81A40012B616 /* en */,
			);
			name = InfoPlist.strings;
			sourceTree = "<group>";
		};
/* End PBXVariantGroup section */

/* Begin XCBuildConfiguration section */
		B8C21B7D194F81A40012B616 /* Debug */ = {
			isa = XCBuildConfiguration;
			buildSettings = {
				ALWAYS_SEARCH_USER_PATHS = NO;
				CLANG_CXX_LANGUAGE_STANDARD = "gnu++0x";
				CLANG_CXX_LIBRARY = "libc++";
				CLANG_ENABLE_MODULES = YES;
				CLANG_ENABLE_OBJC_ARC = YES;
				CLANG_WARN_BOOL_CONVERSION = YES;
				CLANG_WARN_CONSTANT_CONVERSION = YES;
				CLANG_WARN_DIRECT_OBJC_ISA_USAGE = YES_ERROR;
				CLANG_WARN_EMPTY_BODY = YES;
				CLANG_WARN_ENUM_CONVERSION = YES;
				CLANG_WARN_INT_CONVERSION = YES;
				CLANG_WARN_OBJC_ROOT_CLASS = YES_ERROR;
				CLANG_WARN__DUPLICATE_METHOD_MATCH = YES;
				"CODE_SIGN_IDENTITY[sdk=iphoneos*]" = "iPhone Developer";
				COPY_PHASE_STRIP = NO;
				GCC_C_LANGUAGE_STANDARD = gnu99;
				GCC_DYNAMIC_NO_PIC = NO;
				GCC_OPTIMIZATION_LEVEL = 0;
				GCC_PREPROCESSOR_DEFINITIONS = (
					"DEBUG=1",
					"$(inherited)",
				);
				GCC_SYMBOLS_PRIVATE_EXTERN = NO;
				GCC_WARN_64_TO_32_BIT_CONVERSION = YES;
				GCC_WARN_ABOUT_RETURN_TYPE = YES_ERROR;
				GCC_WARN_UNDECLARED_SELECTOR = YES;
				GCC_WARN_UNINITIALIZED_AUTOS = YES_AGGRESSIVE;
				GCC_WARN_UNUSED_FUNCTION = YES;
				GCC_WARN_UNUSED_VARIABLE = YES;
				IPHONEOS_DEPLOYMENT_TARGET = 7.1;
				ONLY_ACTIVE_ARCH = YES;
				SDKROOT = iphoneos;
			};
			name = Debug;
		};
		B8C21B7E194F81A40012B616 /* Release */ = {
			isa = XCBuildConfiguration;
			buildSettings = {
				ALWAYS_SEARCH_USER_PATHS = NO;
				CLANG_CXX_LANGUAGE_STANDARD = "gnu++0x";
				CLANG_CXX_LIBRARY = "libc++";
				CLANG_ENABLE_MODULES = YES;
				CLANG_ENABLE_OBJC_ARC = YES;
				CLANG_WARN_BOOL_CONVERSION = YES;
				CLANG_WARN_CONSTANT_CONVERSION = YES;
				CLANG_WARN_DIRECT_OBJC_ISA_USAGE = YES_ERROR;
				CLANG_WARN_EMPTY_BODY = YES;
				CLANG_WARN_ENUM_CONVERSION = YES;
				CLANG_WARN_INT_CONVERSION = YES;
				CLANG_WARN_OBJC_ROOT_CLASS = YES_ERROR;
				CLANG_WARN__DUPLICATE_METHOD_MATCH = YES;
				"CODE_SIGN_IDENTITY[sdk=iphoneos*]" = "iPhone Developer";
				COPY_PHASE_STRIP = YES;
				ENABLE_NS_ASSERTIONS = NO;
				GCC_C_LANGUAGE_STANDARD = gnu99;
				GCC_WARN_64_TO_32_BIT_CONVERSION = YES;
				GCC_WARN_ABOUT_RETURN_TYPE = YES_ERROR;
				GCC_WARN_UNDECLARED_SELECTOR = YES;
				GCC_WARN_UNINITIALIZED_AUTOS = YES_AGGRESSIVE;
				GCC_WARN_UNUSED_FUNCTION = YES;
				GCC_WARN_UNUSED_VARIABLE = YES;
				IPHONEOS_DEPLOYMENT_TARGET = 7.1;
				SDKROOT = iphoneos;
				VALIDATE_PRODUCT = YES;
			};
			name = Release;
		};
		B8C21B80194F81A40012B616 /* Debug */ = {
			isa = XCBuildConfiguration;
			buildSettings = {
				ASSETCATALOG_COMPILER_APPICON_NAME = AppIcon;
				ASSETCATALOG_COMPILER_LAUNCHIMAGE_NAME = LaunchImage;
				FRAMEWORK_SEARCH_PATHS = (
					"$(inherited)",
					"$(PROJECT_DIR)",
				);
				GCC_PRECOMPILE_PREFIX_HEADER = YES;
				GCC_PREFIX_HEADER = "DetailViewDemo/DetailViewDemo-Prefix.pch";
				INFOPLIST_FILE = "DetailViewDemo/DetailViewDemo-Info.plist";
				PRODUCT_NAME = "$(TARGET_NAME)";
				WRAPPER_EXTENSION = app;
			};
			name = Debug;
		};
		B8C21B81194F81A40012B616 /* Release */ = {
			isa = XCBuildConfiguration;
			buildSettings = {
				ASSETCATALOG_COMPILER_APPICON_NAME = AppIcon;
				ASSETCATALOG_COMPILER_LAUNCHIMAGE_NAME = LaunchImage;
				FRAMEWORK_SEARCH_PATHS = (
					"$(inherited)",
					"$(PROJECT_DIR)",
				);
				GCC_PRECOMPILE_PREFIX_HEADER = YES;
				GCC_PREFIX_HEADER = "DetailViewDemo/DetailViewDemo-Prefix.pch";
				INFOPLIST_FILE = "DetailViewDemo/DetailViewDemo-Info.plist";
				PRODUCT_NAME = "$(TARGET_NAME)";
				WRAPPER_EXTENSION = app;
			};
			name = Release;
		};
		B8C21B83194F81A40012B616 /* Debug */ = {
			isa = XCBuildConfiguration;
			buildSettings = {
				BUNDLE_LOADER = "$(BUILT_PRODUCTS_DIR)/DetailViewDemo.app/DetailViewDemo";
				FRAMEWORK_SEARCH_PATHS = (
					"$(SDKROOT)/Developer/Library/Frameworks",
					"$(inherited)",
					"$(DEVELOPER_FRAMEWORKS_DIR)",
				);
				GCC_PRECOMPILE_PREFIX_HEADER = YES;
				GCC_PREFIX_HEADER = "DetailViewDemo/DetailViewDemo-Prefix.pch";
				GCC_PREPROCESSOR_DEFINITIONS = (
					"DEBUG=1",
					"$(inherited)",
				);
				INFOPLIST_FILE = "DetailViewDemoTests/DetailViewDemoTests-Info.plist";
				PRODUCT_NAME = "$(TARGET_NAME)";
				TEST_HOST = "$(BUNDLE_LOADER)";
				WRAPPER_EXTENSION = xctest;
			};
			name = Debug;
		};
		B8C21B84194F81A40012B616 /* Release */ = {
			isa = XCBuildConfiguration;
			buildSettings = {
				BUNDLE_LOADER = "$(BUILT_PRODUCTS_DIR)/DetailViewDemo.app/DetailViewDemo";
				FRAMEWORK_SEARCH_PATHS = (
					"$(SDKROOT)/Developer/Library/Frameworks",
					"$(inherited)",
					"$(DEVELOPER_FRAMEWORKS_DIR)",
				);
				GCC_PRECOMPILE_PREFIX_HEADER = YES;
				GCC_PREFIX_HEADER = "DetailViewDemo/DetailViewDemo-Prefix.pch";
				INFOPLIST_FILE = "DetailViewDemoTests/DetailViewDemoTests-Info.plist";
				PRODUCT_NAME = "$(TARGET_NAME)";
				TEST_HOST = "$(BUNDLE_LOADER)";
				WRAPPER_EXTENSION = xctest;
			};
			name = Release;
		};
/* End XCBuildConfiguration section */

/* Begin XCConfigurationList section */
		B8C21B48194F81A40012B616 /* Build configuration list for PBXProject "DetailViewDemo" */ = {
			isa = XCConfigurationList;
			buildConfigurations = (
				B8C21B7D194F81A40012B616 /* Debug */,
				B8C21B7E194F81A40012B616 /* Release */,
			);
			defaultConfigurationIsVisible = 0;
			defaultConfigurationName = Release;
		};
		B8C21B7F194F81A40012B616 /* Build configuration list for PBXNativeTarget "DetailViewDemo" */ = {
			isa = XCConfigurationList;
			buildConfigurations = (
				B8C21B80194F81A40012B616 /* Debug */,
				B8C21B81194F81A40012B616 /* Release */,
			);
			defaultConfigurationIsVisible = 0;
			defaultConfigurationName = Release;
		};
		B8C21B82194F81A40012B616 /* Build configuration list for PBXNativeTarget "DetailViewDemoTests" */ = {
			isa = XCConfigurationList;
			buildConfigurations = (
				B8C21B83194F81A40012B616 /* Debug */,
				B8C21B84194F81A40012B616 /* Release */,
			);
			defaultConfigurationIsVisible = 0;
			defaultConfigurationName = Release;
		};
/* End XCConfigurationList section */
	};
	rootObject = B8C21B45194F81A40012B616 /* Project object */;
}
